{
  "name": "itchy-api",
  "version": "1.0.0",
  "lockfileVersion": 2,
  "requires": true,
  "packages": {
    "": {
      "name": "itchy-api",
      "version": "1.0.0",
      "license": "MIT",
      "dependencies": {
        "axios": "^0.21.4",
        "filereader": "^0.10.3",
        "htmlparser": "^1.7.7",
        "image-to-base64": "^2.2.0",
        "node-fetch": "^2.6.1",
        "node-html-parser": "^2.0.0"
      }
    },
    "node_modules/axios": {
      "version": "0.21.4",
      "resolved": "https://registry.npmjs.org/axios/-/axios-0.21.4.tgz",
      "integrity": "sha512-ut5vewkiu8jjGBdqpM44XxjuCjq9LAKeHVmoVfHVzy8eHgxxq8SbAVQNovDA8mVi05kP0Ea/n/UzcSHcTJQfNg==",
      "dependencies": {
        "follow-redirects": "^1.14.0"
      }
    },
    "node_modules/filereader": {
      "version": "0.10.3",
      "resolved": "https://registry.npmjs.org/filereader/-/filereader-0.10.3.tgz",
      "integrity": "sha1-x0fUos2PYeVBinwH/hJXpD8KzbE="
    },
    "node_modules/follow-redirects": {
      "version": "1.14.7",
      "resolved": "https://registry.npmjs.org/follow-redirects/-/follow-redirects-1.14.7.tgz",
      "integrity": "sha512-+hbxoLbFMbRKDwohX8GkTataGqO6Jb7jGwpAlwgy2bIz25XtRm7KEzJM76R1WiNT5SwZkX4Y75SwBolkpmE7iQ==",
      "funding": [
        {
          "type": "individual",
          "url": "https://github.com/sponsors/RubenVerborgh"
        }
      ],
      "engines": {
        "node": ">=4.0"
      },
      "peerDependenciesMeta": {
        "debug": {
          "optional": true
        }
      }
    },
    "node_modules/he": {
      "version": "1.2.0",
      "resolved": "https://registry.npmjs.org/he/-/he-1.2.0.tgz",
      "integrity": "sha512-F/1DnUGPopORZi0ni+CvrCgHQ5FyEAHRLSApuYWMmrbSwoN2Mn/7k+Gl38gJnR7yyDZk6WLXwiGod1JOWNDKGw==",
      "bin": {
        "he": "bin/he"
      }
    },
    "node_modules/htmlparser": {
      "version": "1.7.7",
      "resolved": "https://registry.npmjs.org/htmlparser/-/htmlparser-1.7.7.tgz",
      "integrity": "sha1-GeezmX/2+6yZrlp9J2ZInv5+LQ4=",
      "engines": {
        "node": ">=0.1.33"
      }
    },
    "node_modules/image-to-base64": {
      "version": "2.2.0",
      "resolved": "https://registry.npmjs.org/image-to-base64/-/image-to-base64-2.2.0.tgz",
      "integrity": "sha512-Z+aMwm/91UOQqHhrz7Upre2ytKhWejZlWV/JxUTD1sT7GWWKFDJUEV5scVQKnkzSgPHFuQBUEWcanO+ma0PSVw==",
      "dependencies": {
        "node-fetch": "^2.6.0"
      }
    },
    "node_modules/node-fetch": {
      "version": "2.6.7",
      "resolved": "https://registry.npmjs.org/node-fetch/-/node-fetch-2.6.7.tgz",
      "integrity": "sha512-ZjMPFEfVx5j+y2yF35Kzx5sF7kDzxuDj6ziH4FFbOp87zKDZNx8yExJIb05OGF4Nlt9IHFIMBkRl41VdvcNdbQ==",
      "dependencies": {
        "whatwg-url": "^5.0.0"
      },
      "engines": {
        "node": "4.x || >=6.0.0"
      },
      "peerDependencies": {
        "encoding": "^0.1.0"
      },
      "peerDependenciesMeta": {
        "encoding": {
          "optional": true
        }
      }
    },
    "node_modules/node-html-parser": {
      "version": "2.0.0",
      "resolved": "https://registry.npmjs.org/node-html-parser/-/node-html-parser-2.0.0.tgz",
      "integrity": "sha512-3wJdYSxiVIBxuiFm9UtfNWAlBw2P+Vb/RN1nqf40q2JeZDpcJ1HsrWuWV3j15SSJ25TvfnOoac2Q+uDU9iY0sw==",
      "dependencies": {
        "he": "1.2.0"
      }
    },
    "node_modules/tr46": {
      "version": "0.0.3",
      "resolved": "https://registry.npmjs.org/tr46/-/tr46-0.0.3.tgz",
      "integrity": "sha1-gYT9NH2snNwYWZLzpmIuFLnZq2o="
    },
    "node_modules/webidl-conversions": {
      "version": "3.0.1",
      "resolved": "https://registry.npmjs.org/webidl-conversions/-/webidl-conversions-3.0.1.tgz",
      "integrity": "sha1-JFNCdeKnvGvnvIZhHMFq4KVlSHE="
    },
    "node_modules/whatwg-url": {
      "version": "5.0.0",
      "resolved": "https://registry.npmjs.org/whatwg-url/-/whatwg-url-5.0.0.tgz",
      "integrity": "sha1-lmRU6HZUYuN2RNNib2dCzotwll0=",
      "dependencies": {
        "tr46": "~0.0.3",
        "webidl-conversions": "^3.0.0"
      }
    }
  },
  "dependencies": {
    "axios": {
      "version": "0.21.4",
      "resolved": "https://registry.npmjs.org/axios/-/axios-0.21.4.tgz",
      "integrity": "sha512-ut5vewkiu8jjGBdqpM44XxjuCjq9LAKeHVmoVfHVzy8eHgxxq8SbAVQNovDA8mVi05kP0Ea/n/UzcSHcTJQfNg==",
      "requires": {
        "follow-redirects": "^1.14.0"
      }
    },
    "filereader": {
      "version": "0.10.3",
      "resolved": "https://registry.npmjs.org/filereader/-/filereader-0.10.3.tgz",
      "integrity": "sha1-x0fUos2PYeVBinwH/hJXpD8KzbE="
    },
    "follow-redirects": {
      "version": "1.14.7",
      "resolved": "https://registry.npmjs.org/follow-redirects/-/follow-redirects-1.14.7.tgz",
      "integrity": "sha512-+hbxoLbFMbRKDwohX8GkTataGqO6Jb7jGwpAlwgy2bIz25XtRm7KEzJM76R1WiNT5SwZkX4Y75SwBolkpmE7iQ=="
    },
    "he": {
      "version": "1.2.0",
      "resolved": "https://registry.npmjs.org/he/-/he-1.2.0.tgz",
      "integrity": "sha512-F/1DnUGPopORZi0ni+CvrCgHQ5FyEAHRLSApuYWMmrbSwoN2Mn/7k+Gl38gJnR7yyDZk6WLXwiGod1JOWNDKGw=="
    },
    "htmlparser": {
      "version": "1.7.7",
      "resolved": "https://registry.npmjs.org/htmlparser/-/htmlparser-1.7.7.tgz",
      "integrity": "sha1-GeezmX/2+6yZrlp9J2ZInv5+LQ4="
    },
    "image-to-base64": {
      "version": "2.2.0",
      "resolved": "https://registry.npmjs.org/image-to-base64/-/image-to-base64-2.2.0.tgz",
      "integrity": "sha512-Z+aMwm/91UOQqHhrz7Upre2ytKhWejZlWV/JxUTD1sT7GWWKFDJUEV5scVQKnkzSgPHFuQBUEWcanO+ma0PSVw==",
      "requires": {
        "node-fetch": "^2.6.0"
      }
    },
    "node-fetch": {
      "version": "2.6.7",
      "resolved": "https://registry.npmjs.org/node-fetch/-/node-fetch-2.6.7.tgz",
      "integrity": "sha512-ZjMPFEfVx5j+y2yF35Kzx5sF7kDzxuDj6ziH4FFbOp87zKDZNx8yExJIb05OGF4Nlt9IHFIMBkRl41VdvcNdbQ==",
      "requires": {
        "whatwg-url": "^5.0.0"
      }
    },
    "node-html-parser": {
      "version": "2.0.0",
      "resolved": "https://registry.npmjs.org/node-html-parser/-/node-html-parser-2.0.0.tgz",
      "integrity": "sha512-3wJdYSxiVIBxuiFm9UtfNWAlBw2P+Vb/RN1nqf40q2JeZDpcJ1HsrWuWV3j15SSJ25TvfnOoac2Q+uDU9iY0sw==",
      "requires": {
        "he": "1.2.0"
      }
    },
    "tr46": {
      "version": "0.0.3",
      "resolved": "https://registry.npmjs.org/tr46/-/tr46-0.0.3.tgz",
      "integrity": "sha1-gYT9NH2snNwYWZLzpmIuFLnZq2o="
    },
    "webidl-conversions": {
      "version": "3.0.1",
      "resolved": "https://registry.npmjs.org/webidl-conversions/-/webidl-conversions-3.0.1.tgz",
      "integrity": "sha1-JFNCdeKnvGvnvIZhHMFq4KVlSHE="
    },
    "whatwg-url": {
      "version": "5.0.0",
      "resolved": "https://registry.npmjs.org/whatwg-url/-/whatwg-url-5.0.0.tgz",
      "integrity": "sha1-lmRU6HZUYuN2RNNib2dCzotwll0=",
      "requires": {
        "tr46": "~0.0.3",
        "webidl-conversions": "^3.0.0"
      }
    }
  }
}
